
Microsoft Visual Studio Solution File, Format Version 12.00
Project("{FAE04EC0-301F-11D3-BF4B-00C04F79EFBC}") = "DotnetPoi.XSSF", "src\DotnetPoi.XSSF\DotnetPoi.XSSF.csproj", "{8D8E4F1A-1B2C-4D3E-9F0A-1B2C4D5E6F7A}"
EndProject
Project("{FAE04EC0-301F-11D3-BF4B-00C04F79EFBC}") = "DotnetPoi.SS", "src\DotnetPoi.SS\DotnetPoi.SS.csproj", "{9E9F5A2B-2C3D-4E5F-0B1C-2C3D5E6F8A9B}"
EndProject
Project("{FAE04EC0-301F-11D3-BF4B-00C04F79EFBC}") = "DotnetPoi.POIFS", "src\DotnetPoi.POIFS\DotnetPoi.POIFS.csproj", "{1F0A6B3C-3D4E-5F6A-1C2D-3D4E6F7A8B0C}"
EndProject
Project("{FAE04EC0-301F-11D3-BF4B-00C04F79EFBC}") = "DotnetPoi.HSSF", "src\DotnetPoi.HSSF\DotnetPoi.HSSF.csproj", "{2A1B7C4D-4E5F-6A7B-2D3E-4E5F7A8B9C1D}"
EndProject
Project("{FAE04EC0-301F-11D3-BF4B-00C04F79EFBC}") = "DotnetPoi.HWPF", "src\DotnetPoi.HWPF\DotnetPoi.HWPF.csproj", "{3B2C8D5E-5F6A-7B8C-3E4F-5F6A8B9C0D2E}"
EndProject
Project("{FAE04EC0-301F-11D3-BF4B-00C04F79EFBC}") = "DotnetPoi.XWPF", "src\DotnetPoi.XWPF\DotnetPoi.XWPF.csproj", "{4C3D9E6F-6A7B-8C9D-4F5A-6A7B9C0D1E3F}"
EndProject
Project("{FAE04EC0-301F-11D3-BF4B-00C04F79EFBC}") = "DotnetPoi.XSSF.Tests", "tests\DotnetPoi.XSSF.Tests\DotnetPoi.XSSF.Tests.csproj", "{5D4E0F7A-7B8C-9D0E-5A6B-7B8C0D1E2F4A}"
EndProject
Project("{FAE04EC0-301F-11D3-BF4B-00C04F79EFBC}") = "DotnetPoi.SS.Tests", "tests\DotnetPoi.SS.Tests\DotnetPoi.SS.Tests.csproj", "{6E5F1A8B-8C9D-0E1F-6B7C-8C9D1E2F3A5B}"
EndProject
Project("{FAE04EC0-301F-11D3-BF4B-00C04F79EFBC}") = "DotnetPoi.POIFS.Tests", "tests\DotnetPoi.POIFS.Tests\DotnetPoi.POIFS.Tests.csproj", "{7F6A2B9C-9D0E-1F2A-7C8D-9D0E2F3A4B6C}"
EndProject
Project("{FAE04EC0-301F-11D3-BF4B-00C04F79EFBC}") = "DotnetPoi.HSSF.Tests", "tests\DotnetPoi.HSSF.Tests\DotnetPoi.HSSF.Tests.csproj", "{0A7B3C0D-0E1F-2A3B-8D9E-0E1F3A4B5C7D}"
EndProject
Project("{FAE04EC0-301F-11D3-BF4B-00C04F79EFBC}") = "DotnetPoi.Interop.Tests", "tests\DotnetPoi.Interop.Tests\cs\DotnetPoi.Interop.Tests.csproj", "{1B8C4D1E-1F2A-3B4C-9E0F-1F2A4B5C6D8E}"
EndProject
Project("{2150E333-8FDC-42A3-9474-1A3956D46DE8}") = "src", "src", "{827E0CD3-B72D-47B6-A68D-7590B98EB39B}"
EndProject
Project("{FAE04EC0-301F-11D3-BF4B-00C04F79EFBC}") = "DotnetPoi.XSLF", "src\DotnetPoi.XSLF\DotnetPoi.XSLF.csproj", "{0299935A-8F4F-4BBE-896A-B2C8A1D315F4}"
EndProject
Project("{2150E333-8FDC-42A3-9474-1A3956D46DE8}") = "tests", "tests", "{0AB3BF05-4346-4AA6-1389-037BE0695223}"
EndProject
Project("{FAE04EC0-301F-11D3-BF4B-00C04F79EFBC}") = "DotnetPoi.XSLF.Tests", "tests\DotnetPoi.XSLF.Tests\DotnetPoi.XSLF.Tests.csproj", "{3F895B06-F6A4-4195-9F4B-DE5AC0C26F83}"
EndProject
Project("{2150E333-8FDC-42A3-9474-1A3956D46DE8}") = "examples", "examples", "{B36A84DF-456D-A817-6EDD-3EC3E7F6E11F}"
EndProject
Project("{FAE04EC0-301F-11D3-BF4B-00C04F79EFBC}") = "Phase33PptxExample", "examples\Phase33PptxExample\Phase33PptxExample.csproj", "{05124563-5DF7-4048-A9ED-42133A937736}"
EndProject
Global
	GlobalSection(SolutionConfigurationPlatforms) = preSolution
		Debug|Any CPU = Debug|Any CPU
		Debug|x64 = Debug|x64
		Debug|x86 = Debug|x86
		Release|Any CPU = Release|Any CPU
		Release|x64 = Release|x64
		Release|x86 = Release|x86
	EndGlobalSection
	GlobalSection(ProjectConfigurationPlatforms) = postSolution
		{8D8E4F1A-1B2C-4D3E-9F0A-1B2C4D5E6F7A}.Debug|Any CPU.ActiveCfg = Debug|Any CPU
		{8D8E4F1A-1B2C-4D3E-9F0A-1B2C4D5E6F7A}.Debug|Any CPU.Build.0 = Debug|Any CPU
		{8D8E4F1A-1B2C-4D3E-9F0A-1B2C4D5E6F7A}.Debug|x64.ActiveCfg = Debug|Any CPU
		{8D8E4F1A-1B2C-4D3E-9F0A-1B2C4D5E6F7A}.Debug|x64.Build.0 = Debug|Any CPU
		{8D8E4F1A-1B2C-4D3E-9F0A-1B2C4D5E6F7A}.Debug|x86.ActiveCfg = Debug|Any CPU
		{8D8E4F1A-1B2C-4D3E-9F0A-1B2C4D5E6F7A}.Debug|x86.Build.0 = Debug|Any CPU
		{8D8E4F1A-1B2C-4D3E-9F0A-1B2C4D5E6F7A}.Release|Any CPU.ActiveCfg = Release|Any CPU
		{8D8E4F1A-1B2C-4D3E-9F0A-1B2C4D5E6F7A}.Release|Any CPU.Build.0 = Release|Any CPU
		{8D8E4F1A-1B2C-4D3E-9F0A-1B2C4D5E6F7A}.Release|x64.ActiveCfg = Release|Any CPU
		{8D8E4F1A-1B2C-4D3E-9F0A-1B2C4D5E6F7A}.Release|x64.Build.0 = Release|Any CPU
		{8D8E4F1A-1B2C-4D3E-9F0A-1B2C4D5E6F7A}.Release|x86.ActiveCfg = Release|Any CPU
		{8D8E4F1A-1B2C-4D3E-9F0A-1B2C4D5E6F7A}.Release|x86.Build.0 = Release|Any CPU
		{9E9F5A2B-2C3D-4E5F-0B1C-2C3D5E6F8A9B}.Debug|Any CPU.ActiveCfg = Debug|Any CPU
		{9E9F5A2B-2C3D-4E5F-0B1C-2C3D5E6F8A9B}.Debug|Any CPU.Build.0 = Debug|Any CPU
		{9E9F5A2B-2C3D-4E5F-0B1C-2C3D5E6F8A9B}.Debug|x64.ActiveCfg = Debug|Any CPU
		{9E9F5A2B-2C3D-4E5F-0B1C-2C3D5E6F8A9B}.Debug|x64.Build.0 = Debug|Any CPU
		{9E9F5A2B-2C3D-4E5F-0B1C-2C3D5E6F8A9B}.Debug|x86.ActiveCfg = Debug|Any CPU
		{9E9F5A2B-2C3D-4E5F-0B1C-2C3D5E6F8A9B}.Debug|x86.Build.0 = Debug|Any CPU
		{9E9F5A2B-2C3D-4E5F-0B1C-2C3D5E6F8A9B}.Release|Any CPU.ActiveCfg = Release|Any CPU
		{9E9F5A2B-2C3D-4E5F-0B1C-2C3D5E6F8A9B}.Release|Any CPU.Build.0 = Release|Any CPU
		{9E9F5A2B-2C3D-4E5F-0B1C-2C3D5E6F8A9B}.Release|x64.ActiveCfg = Release|Any CPU
		{9E9F5A2B-2C3D-4E5F-0B1C-2C3D5E6F8A9B}.Release|x64.Build.0 = Release|Any CPU
		{9E9F5A2B-2C3D-4E5F-0B1C-2C3D5E6F8A9B}.Release|x86.ActiveCfg = Release|Any CPU
		{9E9F5A2B-2C3D-4E5F-0B1C-2C3D5E6F8A9B}.Release|x86.Build.0 = Release|Any CPU
		{1F0A6B3C-3D4E-5F6A-1C2D-3D4E6F7A8B0C}.Debug|Any CPU.ActiveCfg = Debug|Any CPU
		{1F0A6B3C-3D4E-5F6A-1C2D-3D4E6F7A8B0C}.Debug|Any CPU.Build.0 = Debug|Any CPU
		{1F0A6B3C-3D4E-5F6A-1C2D-3D4E6F7A8B0C}.Debug|x64.ActiveCfg = Debug|Any CPU
		{1F0A6B3C-3D4E-5F6A-1C2D-3D4E6F7A8B0C}.Debug|x64.Build.0 = Debug|Any CPU
		{1F0A6B3C-3D4E-5F6A-1C2D-3D4E6F7A8B0C}.Debug|x86.ActiveCfg = Debug|Any CPU
		{1F0A6B3C-3D4E-5F6A-1C2D-3D4E6F7A8B0C}.Debug|x86.Build.0 = Debug|Any CPU
		{1F0A6B3C-3D4E-5F6A-1C2D-3D4E6F7A8B0C}.Release|Any CPU.ActiveCfg = Release|Any CPU
		{1F0A6B3C-3D4E-5F6A-1C2D-3D4E6F7A8B0C}.Release|Any CPU.Build.0 = Release|Any CPU
		{1F0A6B3C-3D4E-5F6A-1C2D-3D4E6F7A8B0C}.Release|x64.ActiveCfg = Release|Any CPU
		{1F0A6B3C-3D4E-5F6A-1C2D-3D4E6F7A8B0C}.Release|x64.Build.0 = Release|Any CPU
		{1F0A6B3C-3D4E-5F6A-1C2D-3D4E6F7A8B0C}.Release|x86.ActiveCfg = Release|Any CPU
		{1F0A6B3C-3D4E-5F6A-1C2D-3D4E6F7A8B0C}.Release|x86.Build.0 = Release|Any CPU
		{2A1B7C4D-4E5F-6A7B-2D3E-4E5F7A8B9C1D}.Debug|Any CPU.ActiveCfg = Debug|Any CPU
		{2A1B7C4D-4E5F-6A7B-2D3E-4E5F7A8B9C1D}.Debug|Any CPU.Build.0 = Debug|Any CPU
		{2A1B7C4D-4E5F-6A7B-2D3E-4E5F7A8B9C1D}.Debug|x64.ActiveCfg = Debug|Any CPU
		{2A1B7C4D-4E5F-6A7B-2D3E-4E5F7A8B9C1D}.Debug|x64.Build.0 = Debug|Any CPU
		{2A1B7C4D-4E5F-6A7B-2D3E-4E5F7A8B9C1D}.Debug|x86.ActiveCfg = Debug|Any CPU
		{2A1B7C4D-4E5F-6A7B-2D3E-4E5F7A8B9C1D}.Debug|x86.Build.0 = Debug|Any CPU
		{2A1B7C4D-4E5F-6A7B-2D3E-4E5F7A8B9C1D}.Release|Any CPU.ActiveCfg = Release|Any CPU
		{2A1B7C4D-4E5F-6A7B-2D3E-4E5F7A8B9C1D}.Release|Any CPU.Build.0 = Release|Any CPU
		{2A1B7C4D-4E5F-6A7B-2D3E-4E5F7A8B9C1D}.Release|x64.ActiveCfg = Release|Any CPU
		{2A1B7C4D-4E5F-6A7B-2D3E-4E5F7A8B9C1D}.Release|x64.Build.0 = Release|Any CPU
		{2A1B7C4D-4E5F-6A7B-2D3E-4E5F7A8B9C1D}.Release|x86.ActiveCfg = Release|Any CPU
		{2A1B7C4D-4E5F-6A7B-2D3E-4E5F7A8B9C1D}.Release|x86.Build.0 = Release|Any CPU
		{3B2C8D5E-5F6A-7B8C-3E4F-5F6A8B9C0D2E}.Debug|Any CPU.ActiveCfg = Debug|Any CPU
		{3B2C8D5E-5F6A-7B8C-3E4F-5F6A8B9C0D2E}.Debug|Any CPU.Build.0 = Debug|Any CPU
		{3B2C8D5E-5F6A-7B8C-3E4F-5F6A8B9C0D2E}.Debug|x64.ActiveCfg = Debug|Any CPU
		{3B2C8D5E-5F6A-7B8C-3E4F-5F6A8B9C0D2E}.Debug|x64.Build.0 = Debug|Any CPU
		{3B2C8D5E-5F6A-7B8C-3E4F-5F6A8B9C0D2E}.Debug|x86.ActiveCfg = Debug|Any CPU
		{3B2C8D5E-5F6A-7B8C-3E4F-5F6A8B9C0D2E}.Debug|x86.Build.0 = Debug|Any CPU
		{3B2C8D5E-5F6A-7B8C-3E4F-5F6A8B9C0D2E}.Release|Any CPU.ActiveCfg = Release|Any CPU
		{3B2C8D5E-5F6A-7B8C-3E4F-5F6A8B9C0D2E}.Release|Any CPU.Build.0 = Release|Any CPU
		{3B2C8D5E-5F6A-7B8C-3E4F-5F6A8B9C0D2E}.Release|x64.ActiveCfg = Release|Any CPU
		{3B2C8D5E-5F6A-7B8C-3E4F-5F6A8B9C0D2E}.Release|x64.Build.0 = Release|Any CPU
		{3B2C8D5E-5F6A-7B8C-3E4F-5F6A8B9C0D2E}.Release|x86.ActiveCfg = Release|Any CPU
		{3B2C8D5E-5F6A-7B8C-3E4F-5F6A8B9C0D2E}.Release|x86.Build.0 = Release|Any CPU
		{4C3D9E6F-6A7B-8C9D-4F5A-6A7B9C0D1E3F}.Debug|Any CPU.ActiveCfg = Debug|Any CPU
		{4C3D9E6F-6A7B-8C9D-4F5A-6A7B9C0D1E3F}.Debug|Any CPU.Build.0 = Debug|Any CPU
		{4C3D9E6F-6A7B-8C9D-4F5A-6A7B9C0D1E3F}.Debug|x64.ActiveCfg = Debug|Any CPU
		{4C3D9E6F-6A7B-8C9D-4F5A-6A7B9C0D1E3F}.Debug|x64.Build.0 = Debug|Any CPU
		{4C3D9E6F-6A7B-8C9D-4F5A-6A7B9C0D1E3F}.Debug|x86.ActiveCfg = Debug|Any CPU
		{4C3D9E6F-6A7B-8C9D-4F5A-6A7B9C0D1E3F}.Debug|x86.Build.0 = Debug|Any CPU
		{4C3D9E6F-6A7B-8C9D-4F5A-6A7B9C0D1E3F}.Release|Any CPU.ActiveCfg = Release|Any CPU
		{4C3D9E6F-6A7B-8C9D-4F5A-6A7B9C0D1E3F}.Release|Any CPU.Build.0 = Release|Any CPU
		{4C3D9E6F-6A7B-8C9D-4F5A-6A7B9C0D1E3F}.Release|x64.ActiveCfg = Release|Any CPU
		{4C3D9E6F-6A7B-8C9D-4F5A-6A7B9C0D1E3F}.Release|x64.Build.0 = Release|Any CPU
		{4C3D9E6F-6A7B-8C9D-4F5A-6A7B9C0D1E3F}.Release|x86.ActiveCfg = Release|Any CPU
		{4C3D9E6F-6A7B-8C9D-4F5A-6A7B9C0D1E3F}.Release|x86.Build.0 = Release|Any CPU
		{5D4E0F7A-7B8C-9D0E-5A6B-7B8C0D1E2F4A}.Debug|Any CPU.ActiveCfg = Debug|Any CPU
		{5D4E0F7A-7B8C-9D0E-5A6B-7B8C0D1E2F4A}.Debug|Any CPU.Build.0 = Debug|Any CPU
		{5D4E0F7A-7B8C-9D0E-5A6B-7B8C0D1E2F4A}.Debug|x64.ActiveCfg = Debug|Any CPU
		{5D4E0F7A-7B8C-9D0E-5A6B-7B8C0D1E2F4A}.Debug|x64.Build.0 = Debug|Any CPU
		{5D4E0F7A-7B8C-9D0E-5A6B-7B8C0D1E2F4A}.Debug|x86.ActiveCfg = Debug|Any CPU
		{5D4E0F7A-7B8C-9D0E-5A6B-7B8C0D1E2F4A}.Debug|x86.Build.0 = Debug|Any CPU
		{5D4E0F7A-7B8C-9D0E-5A6B-7B8C0D1E2F4A}.Release|Any CPU.ActiveCfg = Release|Any CPU
		{5D4E0F7A-7B8C-9D0E-5A6B-7B8C0D1E2F4A}.Release|Any CPU.Build.0 = Release|Any CPU
		{5D4E0F7A-7B8C-9D0E-5A6B-7B8C0D1E2F4A}.Release|x64.ActiveCfg = Release|Any CPU
		{5D4E0F7A-7B8C-9D0E-5A6B-7B8C0D1E2F4A}.Release|x64.Build.0 = Release|Any CPU
		{5D4E0F7A-7B8C-9D0E-5A6B-7B8C0D1E2F4A}.Release|x86.ActiveCfg = Release|Any CPU
		{5D4E0F7A-7B8C-9D0E-5A6B-7B8C0D1E2F4A}.Release|x86.Build.0 = Release|Any CPU
		{6E5F1A8B-8C9D-0E1F-6B7C-8C9D1E2F3A5B}.Debug|Any CPU.ActiveCfg = Debug|Any CPU
		{6E5F1A8B-8C9D-0E1F-6B7C-8C9D1E2F3A5B}.Debug|Any CPU.Build.0 = Debug|Any CPU
		{6E5F1A8B-8C9D-0E1F-6B7C-8C9D1E2F3A5B}.Debug|x64.ActiveCfg = Debug|Any CPU
		{6E5F1A8B-8C9D-0E1F-6B7C-8C9D1E2F3A5B}.Debug|x64.Build.0 = Debug|Any CPU
		{6E5F1A8B-8C9D-0E1F-6B7C-8C9D1E2F3A5B}.Debug|x86.ActiveCfg = Debug|Any CPU
		{6E5F1A8B-8C9D-0E1F-6B7C-8C9D1E2F3A5B}.Debug|x86.Build.0 = Debug|Any CPU
		{6E5F1A8B-8C9D-0E1F-6B7C-8C9D1E2F3A5B}.Release|Any CPU.ActiveCfg = Release|Any CPU
		{6E5F1A8B-8C9D-0E1F-6B7C-8C9D1E2F3A5B}.Release|Any CPU.Build.0 = Release|Any CPU
		{6E5F1A8B-8C9D-0E1F-6B7C-8C9D1E2F3A5B}.Release|x64.ActiveCfg = Release|Any CPU
		{6E5F1A8B-8C9D-0E1F-6B7C-8C9D1E2F3A5B}.Release|x64.Build.0 = Release|Any CPU
		{6E5F1A8B-8C9D-0E1F-6B7C-8C9D1E2F3A5B}.Release|x86.ActiveCfg = Release|Any CPU
		{6E5F1A8B-8C9D-0E1F-6B7C-8C9D1E2F3A5B}.Release|x86.Build.0 = Release|Any CPU
		{7F6A2B9C-9D0E-1F2A-7C8D-9D0E2F3A4B6C}.Debug|Any CPU.ActiveCfg = Debug|Any CPU
		{7F6A2B9C-9D0E-1F2A-7C8D-9D0E2F3A4B6C}.Debug|Any CPU.Build.0 = Debug|Any CPU
		{7F6A2B9C-9D0E-1F2A-7C8D-9D0E2F3A4B6C}.Debug|x64.ActiveCfg = Debug|Any CPU
		{7F6A2B9C-9D0E-1F2A-7C8D-9D0E2F3A4B6C}.Debug|x64.Build.0 = Debug|Any CPU
		{7F6A2B9C-9D0E-1F2A-7C8D-9D0E2F3A4B6C}.Debug|x86.ActiveCfg = Debug|Any CPU
		{7F6A2B9C-9D0E-1F2A-7C8D-9D0E2F3A4B6C}.Debug|x86.Build.0 = Debug|Any CPU
		{7F6A2B9C-9D0E-1F2A-7C8D-9D0E2F3A4B6C}.Release|Any CPU.ActiveCfg = Release|Any CPU
		{7F6A2B9C-9D0E-1F2A-7C8D-9D0E2F3A4B6C}.Release|Any CPU.Build.0 = Release|Any CPU
		{7F6A2B9C-9D0E-1F2A-7C8D-9D0E2F3A4B6C}.Release|x64.ActiveCfg = Release|Any CPU
		{7F6A2B9C-9D0E-1F2A-7C8D-9D0E2F3A4B6C}.Release|x64.Build.0 = Release|Any CPU
		{7F6A2B9C-9D0E-1F2A-7C8D-9D0E2F3A4B6C}.Release|x86.ActiveCfg = Release|Any CPU
		{7F6A2B9C-9D0E-1F2A-7C8D-9D0E2F3A4B6C}.Release|x86.Build.0 = Release|Any CPU
		{0A7B3C0D-0E1F-2A3B-8D9E-0E1F3A4B5C7D}.Debug|Any CPU.ActiveCfg = Debug|Any CPU
		{0A7B3C0D-0E1F-2A3B-8D9E-0E1F3A4B5C7D}.Debug|Any CPU.Build.0 = Debug|Any CPU
		{0A7B3C0D-0E1F-2A3B-8D9E-0E1F3A4B5C7D}.Debug|x64.ActiveCfg = Debug|Any CPU
		{0A7B3C0D-0E1F-2A3B-8D9E-0E1F3A4B5C7D}.Debug|x64.Build.0 = Debug|Any CPU
		{0A7B3C0D-0E1F-2A3B-8D9E-0E1F3A4B5C7D}.Debug|x86.ActiveCfg = Debug|Any CPU
		{0A7B3C0D-0E1F-2A3B-8D9E-0E1F3A4B5C7D}.Debug|x86.Build.0 = Debug|Any CPU
		{0A7B3C0D-0E1F-2A3B-8D9E-0E1F3A4B5C7D}.Release|Any CPU.ActiveCfg = Release|Any CPU
		{0A7B3C0D-0E1F-2A3B-8D9E-0E1F3A4B5C7D}.Release|Any CPU.Build.0 = Release|Any CPU
		{0A7B3C0D-0E1F-2A3B-8D9E-0E1F3A4B5C7D}.Release|x64.ActiveCfg = Release|Any CPU
		{0A7B3C0D-0E1F-2A3B-8D9E-0E1F3A4B5C7D}.Release|x64.Build.0 = Release|Any CPU
		{0A7B3C0D-0E1F-2A3B-8D9E-0E1F3A4B5C7D}.Release|x86.ActiveCfg = Release|Any CPU
		{0A7B3C0D-0E1F-2A3B-8D9E-0E1F3A4B5C7D}.Release|x86.Build.0 = Release|Any CPU
		{1B8C4D1E-1F2A-3B4C-9E0F-1F2A4B5C6D8E}.Debug|Any CPU.ActiveCfg = Debug|Any CPU
		{1B8C4D1E-1F2A-3B4C-9E0F-1F2A4B5C6D8E}.Debug|Any CPU.Build.0 = Debug|Any CPU
		{1B8C4D1E-1F2A-3B4C-9E0F-1F2A4B5C6D8E}.Debug|x64.ActiveCfg = Debug|Any CPU
		{1B8C4D1E-1F2A-3B4C-9E0F-1F2A4B5C6D8E}.Debug|x64.Build.0 = Debug|Any CPU
		{1B8C4D1E-1F2A-3B4C-9E0F-1F2A4B5C6D8E}.Debug|x86.ActiveCfg = Debug|Any CPU
		{1B8C4D1E-1F2A-3B4C-9E0F-1F2A4B5C6D8E}.Debug|x86.Build.0 = Debug|Any CPU
		{1B8C4D1E-1F2A-3B4C-9E0F-1F2A4B5C6D8E}.Release|Any CPU.ActiveCfg = Release|Any CPU
		{1B8C4D1E-1F2A-3B4C-9E0F-1F2A4B5C6D8E}.Release|Any CPU.Build.0 = Release|Any CPU
		{1B8C4D1E-1F2A-3B4C-9E0F-1F2A4B5C6D8E}.Release|x64.ActiveCfg = Release|Any CPU
		{1B8C4D1E-1F2A-3B4C-9E0F-1F2A4B5C6D8E}.Release|x64.Build.0 = Release|Any CPU
		{1B8C4D1E-1F2A-3B4C-9E0F-1F2A4B5C6D8E}.Release|x86.ActiveCfg = Release|Any CPU
		{1B8C4D1E-1F2A-3B4C-9E0F-1F2A4B5C6D8E}.Release|x86.Build.0 = Release|Any CPU
		{0299935A-8F4F-4BBE-896A-B2C8A1D315F4}.Debug|Any CPU.ActiveCfg = Debug|Any CPU
		{0299935A-8F4F-4BBE-896A-B2C8A1D315F4}.Debug|Any CPU.Build.0 = Debug|Any CPU
		{0299935A-8F4F-4BBE-896A-B2C8A1D315F4}.Debug|x64.ActiveCfg = Debug|Any CPU
		{0299935A-8F4F-4BBE-896A-B2C8A1D315F4}.Debug|x64.Build.0 = Debug|Any CPU
		{0299935A-8F4F-4BBE-896A-B2C8A1D315F4}.Debug|x86.ActiveCfg = Debug|Any CPU
		{0299935A-8F4F-4BBE-896A-B2C8A1D315F4}.Debug|x86.Build.0 = Debug|Any CPU
		{0299935A-8F4F-4BBE-896A-B2C8A1D315F4}.Release|Any CPU.ActiveCfg = Release|Any CPU
		{0299935A-8F4F-4BBE-896A-B2C8A1D315F4}.Release|Any CPU.Build.0 = Release|Any CPU
		{0299935A-8F4F-4BBE-896A-B2C8A1D315F4}.Release|x64.ActiveCfg = Release|Any CPU
		{0299935A-8F4F-4BBE-896A-B2C8A1D315F4}.Release|x64.Build.0 = Release|Any CPU
		{0299935A-8F4F-4BBE-896A-B2C8A1D315F4}.Release|x86.ActiveCfg = Release|Any CPU
		{0299935A-8F4F-4BBE-896A-B2C8A1D315F4}.Release|x86.Build.0 = Release|Any CPU
		{3F895B06-F6A4-4195-9F4B-DE5AC0C26F83}.Debug|Any CPU.ActiveCfg = Debug|Any CPU
		{3F895B06-F6A4-4195-9F4B-DE5AC0C26F83}.Debug|Any CPU.Build.0 = Debug|Any CPU
		{3F895B06-F6A4-4195-9F4B-DE5AC0C26F83}.Debug|x64.ActiveCfg = Debug|Any CPU
		{3F895B06-F6A4-4195-9F4B-DE5AC0C26F83}.Debug|x64.Build.0 = Debug|Any CPU
		{3F895B06-F6A4-4195-9F4B-DE5AC0C26F83}.Debug|x86.ActiveCfg = Debug|Any CPU
		{3F895B06-F6A4-4195-9F4B-DE5AC0C26F83}.Debug|x86.Build.0 = Debug|Any CPU
		{3F895B06-F6A4-4195-9F4B-DE5AC0C26F83}.Release|Any CPU.ActiveCfg = Release|Any CPU
		{3F895B06-F6A4-4195-9F4B-DE5AC0C26F83}.Release|Any CPU.Build.0 = Release|Any CPU
		{3F895B06-F6A4-4195-9F4B-DE5AC0C26F83}.Release|x64.ActiveCfg = Release|Any CPU
		{3F895B06-F6A4-4195-9F4B-DE5AC0C26F83}.Release|x64.Build.0 = Release|Any CPU
		{3F895B06-F6A4-4195-9F4B-DE5AC0C26F83}.Release|x86.ActiveCfg = Release|Any CPU
		{3F895B06-F6A4-4195-9F4B-DE5AC0C26F83}.Release|x86.Build.0 = Release|Any CPU
		{05124563-5DF7-4048-A9ED-42133A937736}.Debug|Any CPU.ActiveCfg = Debug|Any CPU
		{05124563-5DF7-4048-A9ED-42133A937736}.Debug|Any CPU.Build.0 = Debug|Any CPU
		{05124563-5DF7-4048-A9ED-42133A937736}.Debug|x64.ActiveCfg = Debug|Any CPU
		{05124563-5DF7-4048-A9ED-42133A937736}.Debug|x64.Build.0 = Debug|Any CPU
		{05124563-5DF7-4048-A9ED-42133A937736}.Debug|x86.ActiveCfg = Debug|Any CPU
		{05124563-5DF7-4048-A9ED-42133A937736}.Debug|x86.Build.0 = Debug|Any CPU
		{05124563-5DF7-4048-A9ED-42133A937736}.Release|Any CPU.ActiveCfg = Release|Any CPU
		{05124563-5DF7-4048-A9ED-42133A937736}.Release|Any CPU.Build.0 = Release|Any CPU
		{05124563-5DF7-4048-A9ED-42133A937736}.Release|x64.ActiveCfg = Release|Any CPU
		{05124563-5DF7-4048-A9ED-42133A937736}.Release|x64.Build.0 = Release|Any CPU
		{05124563-5DF7-4048-A9ED-42133A937736}.Release|x86.ActiveCfg = Release|Any CPU
		{05124563-5DF7-4048-A9ED-42133A937736}.Release|x86.Build.0 = Release|Any CPU
	EndGlobalSection
	GlobalSection(SolutionProperties) = preSolution
		HideSolutionNode = FALSE
	EndGlobalSection
	GlobalSection(NestedProjects) = preSolution
		{0299935A-8F4F-4BBE-896A-B2C8A1D315F4} = {827E0CD3-B72D-47B6-A68D-7590B98EB39B}
		{3F895B06-F6A4-4195-9F4B-DE5AC0C26F83} = {0AB3BF05-4346-4AA6-1389-037BE0695223}
		{05124563-5DF7-4048-A9ED-42133A937736} = {B36A84DF-456D-A817-6EDD-3EC3E7F6E11F}
	EndGlobalSection
EndGlobal
