
Microsoft Visual Studio Solution File, Format Version 12.00
# Visual Studio Version 17
VisualStudioVersion = 17.0.31903.59
MinimumVisualStudioVersion = 10.0.40219.1
Project("{2150E333-8FDC-42A3-9474-1A3956D46DE8}") = "src", "src", "{827E0CD3-B72D-47B6-A68D-7590B98EB39B}"
EndProject
Project("{FAE04EC0-301F-11D3-BF4B-00C04F79EFBC}") = "DotnetPoi.Formula", "src\DotnetPoi.Formula\DotnetPoi.Formula.csproj", "{C29F6C07-F0AC-430C-8B5B-601F16E8F931}"
EndProject
Project("{FAE04EC0-301F-11D3-BF4B-00C04F79EFBC}") = "DotnetPoi.Formula.Tests", "tests\DotnetPoi.Formula.Tests\DotnetPoi.Formula.Tests.csproj", "{C19CCB97-25F7-4D65-8A09-9E42AA00042A}"
EndProject
Project("{FAE04EC0-301F-11D3-BF4B-00C04F79EFBC}") = "DotnetPoi.Interop.Tests", "tests\DotnetPoi.Interop.Tests\DotnetPoi.Interop.Tests.csproj", "{6FF0321E-9786-42A6-941B-819D94BC0D60}"
EndProject
Project("{2150E333-8FDC-42A3-9474-1A3956D46DE8}") = "examples", "examples", "{B36A84DF-456D-A817-6EDD-3EC3E7F6E11F}"
EndProject
Project("{FAE04EC0-301F-11D3-BF4B-00C04F79EFBC}") = "EdgeCaseProbeExample", "examples\EdgeCaseProbeExample\EdgeCaseProbeExample.csproj", "{EB0C3B39-9E8A-4A4B-A0BC-1D4DD6084141}"
EndProject
Project("{FAE04EC0-301F-11D3-BF4B-00C04F79EFBC}") = "Phase0WriteExample", "examples\Phase0WriteExample\Phase0WriteExample.csproj", "{78A3FAAE-12A8-43C1-8189-FAD9BE9DF38E}"
EndProject
Project("{FAE04EC0-301F-11D3-BF4B-00C04F79EFBC}") = "Phase1InteropExample", "examples\Phase1InteropExample\Phase1InteropExample.csproj", "{3FBC8365-298C-41A7-A22A-BC4DC829F0BB}"
EndProject
Project("{FAE04EC0-301F-11D3-BF4B-00C04F79EFBC}") = "Phase25ImagesExample", "examples\Phase25ImagesExample\Phase25ImagesExample.csproj", "{047FA15F-930C-41ED-9EE4-352DBD1E4310}"
EndProject
Project("{FAE04EC0-301F-11D3-BF4B-00C04F79EFBC}") = "Phase32DocxExample", "examples\Phase32DocxExample\Phase32DocxExample.csproj", "{75F84F9D-769A-4F00-912C-8DD2C3955552}"
EndProject
Project("{FAE04EC0-301F-11D3-BF4B-00C04F79EFBC}") = "Phase33PptxExample", "examples\Phase33PptxExample\Phase33PptxExample.csproj", "{1B664028-01DB-4EAE-BA9A-7A2139EC8163}"
EndProject
Project("{FAE04EC0-301F-11D3-BF4B-00C04F79EFBC}") = "Phase34AgileEncryptionExample", "examples\Phase34AgileEncryptionExample\Phase34AgileEncryptionExample.csproj", "{BA98880C-115D-4453-9C72-D48B5EBE6636}"
EndProject
Project("{FAE04EC0-301F-11D3-BF4B-00C04F79EFBC}") = "Phase3InterfaceExample", "examples\Phase3InterfaceExample\Phase3InterfaceExample.csproj", "{DDA606F8-57FD-4FE8-B70D-EC800CAA3C44}"
EndProject
Project("{FAE04EC0-301F-11D3-BF4B-00C04F79EFBC}") = "Phase4HssfXlsExample", "examples\Phase4HssfXlsExample\Phase4HssfXlsExample.csproj", "{81A946E4-15B6-4407-ABB1-D994D310DE2B}"
EndProject
Project("{FAE04EC0-301F-11D3-BF4B-00C04F79EFBC}") = "Phase5FormulaEvaluatorExample", "examples\Phase5FormulaEvaluatorExample\Phase5FormulaEvaluatorExample.csproj", "{4A4999AC-6A56-4CFB-8B2C-391CA457A6F8}"
EndProject
Project("{FAE04EC0-301F-11D3-BF4B-00C04F79EFBC}") = "Phase7CellTypesExample", "examples\Phase7CellTypesExample\Phase7CellTypesExample.csproj", "{945773A0-5E95-4BDC-8E4F-6A060EFF1DE3}"
EndProject
Project("{FAE04EC0-301F-11D3-BF4B-00C04F79EFBC}") = "Phase8CoreOnlyExample", "examples\Phase8CoreOnlyExample\Phase8CoreOnlyExample.csproj", "{39C3BF91-6987-451D-819B-30C50EF98DC5}"
EndProject
Project("{FAE04EC0-301F-11D3-BF4B-00C04F79EFBC}") = "UsageSamples", "examples\UsageSamples\UsageSamples.csproj", "{04EA798F-85EF-49E2-A453-392C2FA96762}"
EndProject
Project("{2150E333-8FDC-42A3-9474-1A3956D46DE8}") = "tools", "tools", "{07C2787E-EAC7-C090-1BA3-A61EC2A24D84}"
EndProject
Project("{FAE04EC0-301F-11D3-BF4B-00C04F79EFBC}") = "DotnetPoi.DocsGenerator", "tools\DotnetPoi.DocsGenerator\DotnetPoi.DocsGenerator.csproj", "{B247DE68-D54E-4CAA-AF11-5B2276AA6954}"
EndProject
Project("{2150E333-8FDC-42A3-9474-1A3956D46DE8}") = "manual-verification", "manual-verification", "{C3DD9439-2CCF-460A-AE94-B310D0018955}"
EndProject
Project("{FAE04EC0-301F-11D3-BF4B-00C04F79EFBC}") = "DocumentGenerator", "tools\manual-verification\DocumentGenerator\DocumentGenerator.csproj", "{36189BCD-0639-43CC-9C75-18E1DE5C7601}"
EndProject
Project("{FAE04EC0-301F-11D3-BF4B-00C04F79EFBC}") = "DotnetPoi.Common", "src\DotnetPoi.Common\DotnetPoi.Common.csproj", "{417DA0A7-A15E-4740-AA2E-6D1E9EA97E86}"
EndProject
Project("{FAE04EC0-301F-11D3-BF4B-00C04F79EFBC}") = "DotnetPoi.POIFS", "src\DotnetPoi.POIFS\DotnetPoi.POIFS.csproj", "{73342DE4-7125-4A10-B2E2-AD5F3001DDDE}"
EndProject
Project("{FAE04EC0-301F-11D3-BF4B-00C04F79EFBC}") = "DotnetPoi.Ooxml", "src\DotnetPoi.Ooxml\DotnetPoi.Ooxml.csproj", "{67852488-A02A-4DFB-BB63-0D9FF6539A6F}"
EndProject
Project("{FAE04EC0-301F-11D3-BF4B-00C04F79EFBC}") = "DotnetPoi.Legacy", "src\DotnetPoi.Legacy\DotnetPoi.Legacy.csproj", "{99A3BFDA-C021-473D-BB0F-CA7FCE4622A9}"
EndProject
Project("{FAE04EC0-301F-11D3-BF4B-00C04F79EFBC}") = "DotnetPoi.All", "src\DotnetPoi.All\DotnetPoi.All.csproj", "{D9E08336-8036-4932-8F9C-BA19FC7DD767}"
EndProject
Project("{2150E333-8FDC-42A3-9474-1A3956D46DE8}") = "tests", "tests", "{DF56B7B8-2D7A-4504-BB97-3651B0AF42A1}"
EndProject
Project("{FAE04EC0-301F-11D3-BF4B-00C04F79EFBC}") = "DotnetPoi.Common.Tests", "tests\DotnetPoi.Common.Tests\DotnetPoi.Common.Tests.csproj", "{87FA6702-040E-4798-9DB5-41916AB9D150}"
EndProject
Project("{FAE04EC0-301F-11D3-BF4B-00C04F79EFBC}") = "DotnetPoi.POIFS.Tests", "tests\DotnetPoi.POIFS.Tests\DotnetPoi.POIFS.Tests.csproj", "{3CF663A1-20B0-4143-BCFF-F8DA72835852}"
EndProject
Project("{FAE04EC0-301F-11D3-BF4B-00C04F79EFBC}") = "DotnetPoi.Ooxml.Tests", "tests\DotnetPoi.Ooxml.Tests\DotnetPoi.Ooxml.Tests.csproj", "{75824BDD-648F-439B-886D-4CEE4ABC412A}"
EndProject
Project("{FAE04EC0-301F-11D3-BF4B-00C04F79EFBC}") = "DotnetPoi.Legacy.Tests", "tests\DotnetPoi.Legacy.Tests\DotnetPoi.Legacy.Tests.csproj", "{80B4D7F4-4B3C-4E6C-BF38-45AA08843C3D}"
EndProject
Project("{FAE04EC0-301F-11D3-BF4B-00C04F79EFBC}") = "DotnetPoi.All.Tests", "tests\DotnetPoi.All.Tests\DotnetPoi.All.Tests.csproj", "{A76BE16E-F4B0-4DE7-9053-4B97C2062DC8}"
EndProject
Project("{FAE04EC0-301F-11D3-BF4B-00C04F79EFBC}") = "Phase9HwpfDocExample", "examples\Phase9HwpfDocExample\Phase9HwpfDocExample.csproj", "{4573ED1B-4165-41BE-BF25-D6EF7A7BCCFA}"
EndProject
Project("{FAE04EC0-301F-11D3-BF4B-00C04F79EFBC}") = "Phase10HslfPptExample", "examples\Phase10HslfPptExample\Phase10HslfPptExample.csproj", "{7EC22E75-A346-4ECB-BEB3-9EFB9D1CF6FB}"
EndProject
Global
	GlobalSection(SolutionConfigurationPlatforms) = preSolution
		Debug|Any CPU = Debug|Any CPU
		Debug|x64 = Debug|x64
		Debug|x86 = Debug|x86
		Release|Any CPU = Release|Any CPU
		Release|x64 = Release|x64
		Release|x86 = Release|x86
	EndGlobalSection
	GlobalSection(ProjectConfigurationPlatforms) = postSolution
		{C29F6C07-F0AC-430C-8B5B-601F16E8F931}.Debug|Any CPU.ActiveCfg = Debug|Any CPU
		{C29F6C07-F0AC-430C-8B5B-601F16E8F931}.Debug|Any CPU.Build.0 = Debug|Any CPU
		{C29F6C07-F0AC-430C-8B5B-601F16E8F931}.Debug|x64.ActiveCfg = Debug|Any CPU
		{C29F6C07-F0AC-430C-8B5B-601F16E8F931}.Debug|x64.Build.0 = Debug|Any CPU
		{C29F6C07-F0AC-430C-8B5B-601F16E8F931}.Debug|x86.ActiveCfg = Debug|Any CPU
		{C29F6C07-F0AC-430C-8B5B-601F16E8F931}.Debug|x86.Build.0 = Debug|Any CPU
		{C29F6C07-F0AC-430C-8B5B-601F16E8F931}.Release|Any CPU.ActiveCfg = Release|Any CPU
		{C29F6C07-F0AC-430C-8B5B-601F16E8F931}.Release|Any CPU.Build.0 = Release|Any CPU
		{C29F6C07-F0AC-430C-8B5B-601F16E8F931}.Release|x64.ActiveCfg = Release|Any CPU
		{C29F6C07-F0AC-430C-8B5B-601F16E8F931}.Release|x64.Build.0 = Release|Any CPU
		{C29F6C07-F0AC-430C-8B5B-601F16E8F931}.Release|x86.ActiveCfg = Release|Any CPU
		{C29F6C07-F0AC-430C-8B5B-601F16E8F931}.Release|x86.Build.0 = Release|Any CPU
		{C19CCB97-25F7-4D65-8A09-9E42AA00042A}.Debug|Any CPU.ActiveCfg = Debug|Any CPU
		{C19CCB97-25F7-4D65-8A09-9E42AA00042A}.Debug|Any CPU.Build.0 = Debug|Any CPU
		{C19CCB97-25F7-4D65-8A09-9E42AA00042A}.Debug|x64.ActiveCfg = Debug|Any CPU
		{C19CCB97-25F7-4D65-8A09-9E42AA00042A}.Debug|x64.Build.0 = Debug|Any CPU
		{C19CCB97-25F7-4D65-8A09-9E42AA00042A}.Debug|x86.ActiveCfg = Debug|Any CPU
		{C19CCB97-25F7-4D65-8A09-9E42AA00042A}.Debug|x86.Build.0 = Debug|Any CPU
		{C19CCB97-25F7-4D65-8A09-9E42AA00042A}.Release|Any CPU.ActiveCfg = Release|Any CPU
		{C19CCB97-25F7-4D65-8A09-9E42AA00042A}.Release|Any CPU.Build.0 = Release|Any CPU
		{C19CCB97-25F7-4D65-8A09-9E42AA00042A}.Release|x64.ActiveCfg = Release|Any CPU
		{C19CCB97-25F7-4D65-8A09-9E42AA00042A}.Release|x64.Build.0 = Release|Any CPU
		{C19CCB97-25F7-4D65-8A09-9E42AA00042A}.Release|x86.ActiveCfg = Release|Any CPU
		{C19CCB97-25F7-4D65-8A09-9E42AA00042A}.Release|x86.Build.0 = Release|Any CPU
		{6FF0321E-9786-42A6-941B-819D94BC0D60}.Debug|Any CPU.ActiveCfg = Debug|Any CPU
		{6FF0321E-9786-42A6-941B-819D94BC0D60}.Debug|Any CPU.Build.0 = Debug|Any CPU
		{6FF0321E-9786-42A6-941B-819D94BC0D60}.Debug|x64.ActiveCfg = Debug|Any CPU
		{6FF0321E-9786-42A6-941B-819D94BC0D60}.Debug|x64.Build.0 = Debug|Any CPU
		{6FF0321E-9786-42A6-941B-819D94BC0D60}.Debug|x86.ActiveCfg = Debug|Any CPU
		{6FF0321E-9786-42A6-941B-819D94BC0D60}.Debug|x86.Build.0 = Debug|Any CPU
		{6FF0321E-9786-42A6-941B-819D94BC0D60}.Release|Any CPU.ActiveCfg = Release|Any CPU
		{6FF0321E-9786-42A6-941B-819D94BC0D60}.Release|Any CPU.Build.0 = Release|Any CPU
		{6FF0321E-9786-42A6-941B-819D94BC0D60}.Release|x64.ActiveCfg = Release|Any CPU
		{6FF0321E-9786-42A6-941B-819D94BC0D60}.Release|x64.Build.0 = Release|Any CPU
		{6FF0321E-9786-42A6-941B-819D94BC0D60}.Release|x86.ActiveCfg = Release|Any CPU
		{6FF0321E-9786-42A6-941B-819D94BC0D60}.Release|x86.Build.0 = Release|Any CPU
		{EB0C3B39-9E8A-4A4B-A0BC-1D4DD6084141}.Debug|Any CPU.ActiveCfg = Debug|Any CPU
		{EB0C3B39-9E8A-4A4B-A0BC-1D4DD6084141}.Debug|Any CPU.Build.0 = Debug|Any CPU
		{EB0C3B39-9E8A-4A4B-A0BC-1D4DD6084141}.Debug|x64.ActiveCfg = Debug|Any CPU
		{EB0C3B39-9E8A-4A4B-A0BC-1D4DD6084141}.Debug|x64.Build.0 = Debug|Any CPU
		{EB0C3B39-9E8A-4A4B-A0BC-1D4DD6084141}.Debug|x86.ActiveCfg = Debug|Any CPU
		{EB0C3B39-9E8A-4A4B-A0BC-1D4DD6084141}.Debug|x86.Build.0 = Debug|Any CPU
		{EB0C3B39-9E8A-4A4B-A0BC-1D4DD6084141}.Release|Any CPU.ActiveCfg = Release|Any CPU
		{EB0C3B39-9E8A-4A4B-A0BC-1D4DD6084141}.Release|Any CPU.Build.0 = Release|Any CPU
		{EB0C3B39-9E8A-4A4B-A0BC-1D4DD6084141}.Release|x64.ActiveCfg = Release|Any CPU
		{EB0C3B39-9E8A-4A4B-A0BC-1D4DD6084141}.Release|x64.Build.0 = Release|Any CPU
		{EB0C3B39-9E8A-4A4B-A0BC-1D4DD6084141}.Release|x86.ActiveCfg = Release|Any CPU
		{EB0C3B39-9E8A-4A4B-A0BC-1D4DD6084141}.Release|x86.Build.0 = Release|Any CPU
		{78A3FAAE-12A8-43C1-8189-FAD9BE9DF38E}.Debug|Any CPU.ActiveCfg = Debug|Any CPU
		{78A3FAAE-12A8-43C1-8189-FAD9BE9DF38E}.Debug|Any CPU.Build.0 = Debug|Any CPU
		{78A3FAAE-12A8-43C1-8189-FAD9BE9DF38E}.Debug|x64.ActiveCfg = Debug|Any CPU
		{78A3FAAE-12A8-43C1-8189-FAD9BE9DF38E}.Debug|x64.Build.0 = Debug|Any CPU
		{78A3FAAE-12A8-43C1-8189-FAD9BE9DF38E}.Debug|x86.ActiveCfg = Debug|Any CPU
		{78A3FAAE-12A8-43C1-8189-FAD9BE9DF38E}.Debug|x86.Build.0 = Debug|Any CPU
		{78A3FAAE-12A8-43C1-8189-FAD9BE9DF38E}.Release|Any CPU.ActiveCfg = Release|Any CPU
		{78A3FAAE-12A8-43C1-8189-FAD9BE9DF38E}.Release|Any CPU.Build.0 = Release|Any CPU
		{78A3FAAE-12A8-43C1-8189-FAD9BE9DF38E}.Release|x64.ActiveCfg = Release|Any CPU
		{78A3FAAE-12A8-43C1-8189-FAD9BE9DF38E}.Release|x64.Build.0 = Release|Any CPU
		{78A3FAAE-12A8-43C1-8189-FAD9BE9DF38E}.Release|x86.ActiveCfg = Release|Any CPU
		{78A3FAAE-12A8-43C1-8189-FAD9BE9DF38E}.Release|x86.Build.0 = Release|Any CPU
		{3FBC8365-298C-41A7-A22A-BC4DC829F0BB}.Debug|Any CPU.ActiveCfg = Debug|Any CPU
		{3FBC8365-298C-41A7-A22A-BC4DC829F0BB}.Debug|Any CPU.Build.0 = Debug|Any CPU
		{3FBC8365-298C-41A7-A22A-BC4DC829F0BB}.Debug|x64.ActiveCfg = Debug|Any CPU
		{3FBC8365-298C-41A7-A22A-BC4DC829F0BB}.Debug|x64.Build.0 = Debug|Any CPU
		{3FBC8365-298C-41A7-A22A-BC4DC829F0BB}.Debug|x86.ActiveCfg = Debug|Any CPU
		{3FBC8365-298C-41A7-A22A-BC4DC829F0BB}.Debug|x86.Build.0 = Debug|Any CPU
		{3FBC8365-298C-41A7-A22A-BC4DC829F0BB}.Release|Any CPU.ActiveCfg = Release|Any CPU
		{3FBC8365-298C-41A7-A22A-BC4DC829F0BB}.Release|Any CPU.Build.0 = Release|Any CPU
		{3FBC8365-298C-41A7-A22A-BC4DC829F0BB}.Release|x64.ActiveCfg = Release|Any CPU
		{3FBC8365-298C-41A7-A22A-BC4DC829F0BB}.Release|x64.Build.0 = Release|Any CPU
		{3FBC8365-298C-41A7-A22A-BC4DC829F0BB}.Release|x86.ActiveCfg = Release|Any CPU
		{3FBC8365-298C-41A7-A22A-BC4DC829F0BB}.Release|x86.Build.0 = Release|Any CPU
		{047FA15F-930C-41ED-9EE4-352DBD1E4310}.Debug|Any CPU.ActiveCfg = Debug|Any CPU
		{047FA15F-930C-41ED-9EE4-352DBD1E4310}.Debug|Any CPU.Build.0 = Debug|Any CPU
		{047FA15F-930C-41ED-9EE4-352DBD1E4310}.Debug|x64.ActiveCfg = Debug|Any CPU
		{047FA15F-930C-41ED-9EE4-352DBD1E4310}.Debug|x64.Build.0 = Debug|Any CPU
		{047FA15F-930C-41ED-9EE4-352DBD1E4310}.Debug|x86.ActiveCfg = Debug|Any CPU
		{047FA15F-930C-41ED-9EE4-352DBD1E4310}.Debug|x86.Build.0 = Debug|Any CPU
		{047FA15F-930C-41ED-9EE4-352DBD1E4310}.Release|Any CPU.ActiveCfg = Release|Any CPU
		{047FA15F-930C-41ED-9EE4-352DBD1E4310}.Release|Any CPU.Build.0 = Release|Any CPU
		{047FA15F-930C-41ED-9EE4-352DBD1E4310}.Release|x64.ActiveCfg = Release|Any CPU
		{047FA15F-930C-41ED-9EE4-352DBD1E4310}.Release|x64.Build.0 = Release|Any CPU
		{047FA15F-930C-41ED-9EE4-352DBD1E4310}.Release|x86.ActiveCfg = Release|Any CPU
		{047FA15F-930C-41ED-9EE4-352DBD1E4310}.Release|x86.Build.0 = Release|Any CPU
		{75F84F9D-769A-4F00-912C-8DD2C3955552}.Debug|Any CPU.ActiveCfg = Debug|Any CPU
		{75F84F9D-769A-4F00-912C-8DD2C3955552}.Debug|Any CPU.Build.0 = Debug|Any CPU
		{75F84F9D-769A-4F00-912C-8DD2C3955552}.Debug|x64.ActiveCfg = Debug|Any CPU
		{75F84F9D-769A-4F00-912C-8DD2C3955552}.Debug|x64.Build.0 = Debug|Any CPU
		{75F84F9D-769A-4F00-912C-8DD2C3955552}.Debug|x86.ActiveCfg = Debug|Any CPU
		{75F84F9D-769A-4F00-912C-8DD2C3955552}.Debug|x86.Build.0 = Debug|Any CPU
		{75F84F9D-769A-4F00-912C-8DD2C3955552}.Release|Any CPU.ActiveCfg = Release|Any CPU
		{75F84F9D-769A-4F00-912C-8DD2C3955552}.Release|Any CPU.Build.0 = Release|Any CPU
		{75F84F9D-769A-4F00-912C-8DD2C3955552}.Release|x64.ActiveCfg = Release|Any CPU
		{75F84F9D-769A-4F00-912C-8DD2C3955552}.Release|x64.Build.0 = Release|Any CPU
		{75F84F9D-769A-4F00-912C-8DD2C3955552}.Release|x86.ActiveCfg = Release|Any CPU
		{75F84F9D-769A-4F00-912C-8DD2C3955552}.Release|x86.Build.0 = Release|Any CPU
		{1B664028-01DB-4EAE-BA9A-7A2139EC8163}.Debug|Any CPU.ActiveCfg = Debug|Any CPU
		{1B664028-01DB-4EAE-BA9A-7A2139EC8163}.Debug|Any CPU.Build.0 = Debug|Any CPU
		{1B664028-01DB-4EAE-BA9A-7A2139EC8163}.Debug|x64.ActiveCfg = Debug|Any CPU
		{1B664028-01DB-4EAE-BA9A-7A2139EC8163}.Debug|x64.Build.0 = Debug|Any CPU
		{1B664028-01DB-4EAE-BA9A-7A2139EC8163}.Debug|x86.ActiveCfg = Debug|Any CPU
		{1B664028-01DB-4EAE-BA9A-7A2139EC8163}.Debug|x86.Build.0 = Debug|Any CPU
		{1B664028-01DB-4EAE-BA9A-7A2139EC8163}.Release|Any CPU.ActiveCfg = Release|Any CPU
		{1B664028-01DB-4EAE-BA9A-7A2139EC8163}.Release|Any CPU.Build.0 = Release|Any CPU
		{1B664028-01DB-4EAE-BA9A-7A2139EC8163}.Release|x64.ActiveCfg = Release|Any CPU
		{1B664028-01DB-4EAE-BA9A-7A2139EC8163}.Release|x64.Build.0 = Release|Any CPU
		{1B664028-01DB-4EAE-BA9A-7A2139EC8163}.Release|x86.ActiveCfg = Release|Any CPU
		{1B664028-01DB-4EAE-BA9A-7A2139EC8163}.Release|x86.Build.0 = Release|Any CPU
		{BA98880C-115D-4453-9C72-D48B5EBE6636}.Debug|Any CPU.ActiveCfg = Debug|Any CPU
		{BA98880C-115D-4453-9C72-D48B5EBE6636}.Debug|Any CPU.Build.0 = Debug|Any CPU
		{BA98880C-115D-4453-9C72-D48B5EBE6636}.Debug|x64.ActiveCfg = Debug|Any CPU
		{BA98880C-115D-4453-9C72-D48B5EBE6636}.Debug|x64.Build.0 = Debug|Any CPU
		{BA98880C-115D-4453-9C72-D48B5EBE6636}.Debug|x86.ActiveCfg = Debug|Any CPU
		{BA98880C-115D-4453-9C72-D48B5EBE6636}.Debug|x86.Build.0 = Debug|Any CPU
		{BA98880C-115D-4453-9C72-D48B5EBE6636}.Release|Any CPU.ActiveCfg = Release|Any CPU
		{BA98880C-115D-4453-9C72-D48B5EBE6636}.Release|Any CPU.Build.0 = Release|Any CPU
		{BA98880C-115D-4453-9C72-D48B5EBE6636}.Release|x64.ActiveCfg = Release|Any CPU
		{BA98880C-115D-4453-9C72-D48B5EBE6636}.Release|x64.Build.0 = Release|Any CPU
		{BA98880C-115D-4453-9C72-D48B5EBE6636}.Release|x86.ActiveCfg = Release|Any CPU
		{BA98880C-115D-4453-9C72-D48B5EBE6636}.Release|x86.Build.0 = Release|Any CPU
		{DDA606F8-57FD-4FE8-B70D-EC800CAA3C44}.Debug|Any CPU.ActiveCfg = Debug|Any CPU
		{DDA606F8-57FD-4FE8-B70D-EC800CAA3C44}.Debug|Any CPU.Build.0 = Debug|Any CPU
		{DDA606F8-57FD-4FE8-B70D-EC800CAA3C44}.Debug|x64.ActiveCfg = Debug|Any CPU
		{DDA606F8-57FD-4FE8-B70D-EC800CAA3C44}.Debug|x64.Build.0 = Debug|Any CPU
		{DDA606F8-57FD-4FE8-B70D-EC800CAA3C44}.Debug|x86.ActiveCfg = Debug|Any CPU
		{DDA606F8-57FD-4FE8-B70D-EC800CAA3C44}.Debug|x86.Build.0 = Debug|Any CPU
		{DDA606F8-57FD-4FE8-B70D-EC800CAA3C44}.Release|Any CPU.ActiveCfg = Release|Any CPU
		{DDA606F8-57FD-4FE8-B70D-EC800CAA3C44}.Release|Any CPU.Build.0 = Release|Any CPU
		{DDA606F8-57FD-4FE8-B70D-EC800CAA3C44}.Release|x64.ActiveCfg = Release|Any CPU
		{DDA606F8-57FD-4FE8-B70D-EC800CAA3C44}.Release|x64.Build.0 = Release|Any CPU
		{DDA606F8-57FD-4FE8-B70D-EC800CAA3C44}.Release|x86.ActiveCfg = Release|Any CPU
		{DDA606F8-57FD-4FE8-B70D-EC800CAA3C44}.Release|x86.Build.0 = Release|Any CPU
		{81A946E4-15B6-4407-ABB1-D994D310DE2B}.Debug|Any CPU.ActiveCfg = Debug|Any CPU
		{81A946E4-15B6-4407-ABB1-D994D310DE2B}.Debug|Any CPU.Build.0 = Debug|Any CPU
		{81A946E4-15B6-4407-ABB1-D994D310DE2B}.Debug|x64.ActiveCfg = Debug|Any CPU
		{81A946E4-15B6-4407-ABB1-D994D310DE2B}.Debug|x64.Build.0 = Debug|Any CPU
		{81A946E4-15B6-4407-ABB1-D994D310DE2B}.Debug|x86.ActiveCfg = Debug|Any CPU
		{81A946E4-15B6-4407-ABB1-D994D310DE2B}.Debug|x86.Build.0 = Debug|Any CPU
		{81A946E4-15B6-4407-ABB1-D994D310DE2B}.Release|Any CPU.ActiveCfg = Release|Any CPU
		{81A946E4-15B6-4407-ABB1-D994D310DE2B}.Release|Any CPU.Build.0 = Release|Any CPU
		{81A946E4-15B6-4407-ABB1-D994D310DE2B}.Release|x64.ActiveCfg = Release|Any CPU
		{81A946E4-15B6-4407-ABB1-D994D310DE2B}.Release|x64.Build.0 = Release|Any CPU
		{81A946E4-15B6-4407-ABB1-D994D310DE2B}.Release|x86.ActiveCfg = Release|Any CPU
		{81A946E4-15B6-4407-ABB1-D994D310DE2B}.Release|x86.Build.0 = Release|Any CPU
		{4A4999AC-6A56-4CFB-8B2C-391CA457A6F8}.Debug|Any CPU.ActiveCfg = Debug|Any CPU
		{4A4999AC-6A56-4CFB-8B2C-391CA457A6F8}.Debug|Any CPU.Build.0 = Debug|Any CPU
		{4A4999AC-6A56-4CFB-8B2C-391CA457A6F8}.Debug|x64.ActiveCfg = Debug|Any CPU
		{4A4999AC-6A56-4CFB-8B2C-391CA457A6F8}.Debug|x64.Build.0 = Debug|Any CPU
		{4A4999AC-6A56-4CFB-8B2C-391CA457A6F8}.Debug|x86.ActiveCfg = Debug|Any CPU
		{4A4999AC-6A56-4CFB-8B2C-391CA457A6F8}.Debug|x86.Build.0 = Debug|Any CPU
		{4A4999AC-6A56-4CFB-8B2C-391CA457A6F8}.Release|Any CPU.ActiveCfg = Release|Any CPU
		{4A4999AC-6A56-4CFB-8B2C-391CA457A6F8}.Release|Any CPU.Build.0 = Release|Any CPU
		{4A4999AC-6A56-4CFB-8B2C-391CA457A6F8}.Release|x64.ActiveCfg = Release|Any CPU
		{4A4999AC-6A56-4CFB-8B2C-391CA457A6F8}.Release|x64.Build.0 = Release|Any CPU
		{4A4999AC-6A56-4CFB-8B2C-391CA457A6F8}.Release|x86.ActiveCfg = Release|Any CPU
		{4A4999AC-6A56-4CFB-8B2C-391CA457A6F8}.Release|x86.Build.0 = Release|Any CPU
		{945773A0-5E95-4BDC-8E4F-6A060EFF1DE3}.Debug|Any CPU.ActiveCfg = Debug|Any CPU
		{945773A0-5E95-4BDC-8E4F-6A060EFF1DE3}.Debug|Any CPU.Build.0 = Debug|Any CPU
		{945773A0-5E95-4BDC-8E4F-6A060EFF1DE3}.Debug|x64.ActiveCfg = Debug|Any CPU
		{945773A0-5E95-4BDC-8E4F-6A060EFF1DE3}.Debug|x64.Build.0 = Debug|Any CPU
		{945773A0-5E95-4BDC-8E4F-6A060EFF1DE3}.Debug|x86.ActiveCfg = Debug|Any CPU
		{945773A0-5E95-4BDC-8E4F-6A060EFF1DE3}.Debug|x86.Build.0 = Debug|Any CPU
		{945773A0-5E95-4BDC-8E4F-6A060EFF1DE3}.Release|Any CPU.ActiveCfg = Release|Any CPU
		{945773A0-5E95-4BDC-8E4F-6A060EFF1DE3}.Release|Any CPU.Build.0 = Release|Any CPU
		{945773A0-5E95-4BDC-8E4F-6A060EFF1DE3}.Release|x64.ActiveCfg = Release|Any CPU
		{945773A0-5E95-4BDC-8E4F-6A060EFF1DE3}.Release|x64.Build.0 = Release|Any CPU
		{945773A0-5E95-4BDC-8E4F-6A060EFF1DE3}.Release|x86.ActiveCfg = Release|Any CPU
		{945773A0-5E95-4BDC-8E4F-6A060EFF1DE3}.Release|x86.Build.0 = Release|Any CPU
		{39C3BF91-6987-451D-819B-30C50EF98DC5}.Debug|Any CPU.ActiveCfg = Debug|Any CPU
		{39C3BF91-6987-451D-819B-30C50EF98DC5}.Debug|Any CPU.Build.0 = Debug|Any CPU
		{39C3BF91-6987-451D-819B-30C50EF98DC5}.Debug|x64.ActiveCfg = Debug|Any CPU
		{39C3BF91-6987-451D-819B-30C50EF98DC5}.Debug|x64.Build.0 = Debug|Any CPU
		{39C3BF91-6987-451D-819B-30C50EF98DC5}.Debug|x86.ActiveCfg = Debug|Any CPU
		{39C3BF91-6987-451D-819B-30C50EF98DC5}.Debug|x86.Build.0 = Debug|Any CPU
		{39C3BF91-6987-451D-819B-30C50EF98DC5}.Release|Any CPU.ActiveCfg = Release|Any CPU
		{39C3BF91-6987-451D-819B-30C50EF98DC5}.Release|Any CPU.Build.0 = Release|Any CPU
		{39C3BF91-6987-451D-819B-30C50EF98DC5}.Release|x64.ActiveCfg = Release|Any CPU
		{39C3BF91-6987-451D-819B-30C50EF98DC5}.Release|x64.Build.0 = Release|Any CPU
		{39C3BF91-6987-451D-819B-30C50EF98DC5}.Release|x86.ActiveCfg = Release|Any CPU
		{39C3BF91-6987-451D-819B-30C50EF98DC5}.Release|x86.Build.0 = Release|Any CPU
		{04EA798F-85EF-49E2-A453-392C2FA96762}.Debug|Any CPU.ActiveCfg = Debug|Any CPU
		{04EA798F-85EF-49E2-A453-392C2FA96762}.Debug|Any CPU.Build.0 = Debug|Any CPU
		{04EA798F-85EF-49E2-A453-392C2FA96762}.Debug|x64.ActiveCfg = Debug|Any CPU
		{04EA798F-85EF-49E2-A453-392C2FA96762}.Debug|x64.Build.0 = Debug|Any CPU
		{04EA798F-85EF-49E2-A453-392C2FA96762}.Debug|x86.ActiveCfg = Debug|Any CPU
		{04EA798F-85EF-49E2-A453-392C2FA96762}.Debug|x86.Build.0 = Debug|Any CPU
		{04EA798F-85EF-49E2-A453-392C2FA96762}.Release|Any CPU.ActiveCfg = Release|Any CPU
		{04EA798F-85EF-49E2-A453-392C2FA96762}.Release|Any CPU.Build.0 = Release|Any CPU
		{04EA798F-85EF-49E2-A453-392C2FA96762}.Release|x64.ActiveCfg = Release|Any CPU
		{04EA798F-85EF-49E2-A453-392C2FA96762}.Release|x64.Build.0 = Release|Any CPU
		{04EA798F-85EF-49E2-A453-392C2FA96762}.Release|x86.ActiveCfg = Release|Any CPU
		{04EA798F-85EF-49E2-A453-392C2FA96762}.Release|x86.Build.0 = Release|Any CPU
		{B247DE68-D54E-4CAA-AF11-5B2276AA6954}.Debug|Any CPU.ActiveCfg = Debug|Any CPU
		{B247DE68-D54E-4CAA-AF11-5B2276AA6954}.Debug|Any CPU.Build.0 = Debug|Any CPU
		{B247DE68-D54E-4CAA-AF11-5B2276AA6954}.Debug|x64.ActiveCfg = Debug|Any CPU
		{B247DE68-D54E-4CAA-AF11-5B2276AA6954}.Debug|x64.Build.0 = Debug|Any CPU
		{B247DE68-D54E-4CAA-AF11-5B2276AA6954}.Debug|x86.ActiveCfg = Debug|Any CPU
		{B247DE68-D54E-4CAA-AF11-5B2276AA6954}.Debug|x86.Build.0 = Debug|Any CPU
		{B247DE68-D54E-4CAA-AF11-5B2276AA6954}.Release|Any CPU.ActiveCfg = Release|Any CPU
		{B247DE68-D54E-4CAA-AF11-5B2276AA6954}.Release|Any CPU.Build.0 = Release|Any CPU
		{B247DE68-D54E-4CAA-AF11-5B2276AA6954}.Release|x64.ActiveCfg = Release|Any CPU
		{B247DE68-D54E-4CAA-AF11-5B2276AA6954}.Release|x64.Build.0 = Release|Any CPU
		{B247DE68-D54E-4CAA-AF11-5B2276AA6954}.Release|x86.ActiveCfg = Release|Any CPU
		{B247DE68-D54E-4CAA-AF11-5B2276AA6954}.Release|x86.Build.0 = Release|Any CPU
		{36189BCD-0639-43CC-9C75-18E1DE5C7601}.Debug|Any CPU.ActiveCfg = Debug|Any CPU
		{36189BCD-0639-43CC-9C75-18E1DE5C7601}.Debug|Any CPU.Build.0 = Debug|Any CPU
		{36189BCD-0639-43CC-9C75-18E1DE5C7601}.Debug|x64.ActiveCfg = Debug|Any CPU
		{36189BCD-0639-43CC-9C75-18E1DE5C7601}.Debug|x64.Build.0 = Debug|Any CPU
		{36189BCD-0639-43CC-9C75-18E1DE5C7601}.Debug|x86.ActiveCfg = Debug|Any CPU
		{36189BCD-0639-43CC-9C75-18E1DE5C7601}.Debug|x86.Build.0 = Debug|Any CPU
		{36189BCD-0639-43CC-9C75-18E1DE5C7601}.Release|Any CPU.ActiveCfg = Release|Any CPU
		{36189BCD-0639-43CC-9C75-18E1DE5C7601}.Release|Any CPU.Build.0 = Release|Any CPU
		{36189BCD-0639-43CC-9C75-18E1DE5C7601}.Release|x64.ActiveCfg = Release|Any CPU
		{36189BCD-0639-43CC-9C75-18E1DE5C7601}.Release|x64.Build.0 = Release|Any CPU
		{36189BCD-0639-43CC-9C75-18E1DE5C7601}.Release|x86.ActiveCfg = Release|Any CPU
		{36189BCD-0639-43CC-9C75-18E1DE5C7601}.Release|x86.Build.0 = Release|Any CPU
		{417DA0A7-A15E-4740-AA2E-6D1E9EA97E86}.Debug|Any CPU.ActiveCfg = Debug|Any CPU
		{417DA0A7-A15E-4740-AA2E-6D1E9EA97E86}.Debug|Any CPU.Build.0 = Debug|Any CPU
		{417DA0A7-A15E-4740-AA2E-6D1E9EA97E86}.Debug|x64.ActiveCfg = Debug|Any CPU
		{417DA0A7-A15E-4740-AA2E-6D1E9EA97E86}.Debug|x64.Build.0 = Debug|Any CPU
		{417DA0A7-A15E-4740-AA2E-6D1E9EA97E86}.Debug|x86.ActiveCfg = Debug|Any CPU
		{417DA0A7-A15E-4740-AA2E-6D1E9EA97E86}.Debug|x86.Build.0 = Debug|Any CPU
		{417DA0A7-A15E-4740-AA2E-6D1E9EA97E86}.Release|Any CPU.ActiveCfg = Release|Any CPU
		{417DA0A7-A15E-4740-AA2E-6D1E9EA97E86}.Release|Any CPU.Build.0 = Release|Any CPU
		{417DA0A7-A15E-4740-AA2E-6D1E9EA97E86}.Release|x64.ActiveCfg = Release|Any CPU
		{417DA0A7-A15E-4740-AA2E-6D1E9EA97E86}.Release|x64.Build.0 = Release|Any CPU
		{417DA0A7-A15E-4740-AA2E-6D1E9EA97E86}.Release|x86.ActiveCfg = Release|Any CPU
		{417DA0A7-A15E-4740-AA2E-6D1E9EA97E86}.Release|x86.Build.0 = Release|Any CPU
		{73342DE4-7125-4A10-B2E2-AD5F3001DDDE}.Debug|Any CPU.ActiveCfg = Debug|Any CPU
		{73342DE4-7125-4A10-B2E2-AD5F3001DDDE}.Debug|Any CPU.Build.0 = Debug|Any CPU
		{73342DE4-7125-4A10-B2E2-AD5F3001DDDE}.Debug|x64.ActiveCfg = Debug|Any CPU
		{73342DE4-7125-4A10-B2E2-AD5F3001DDDE}.Debug|x64.Build.0 = Debug|Any CPU
		{73342DE4-7125-4A10-B2E2-AD5F3001DDDE}.Debug|x86.ActiveCfg = Debug|Any CPU
		{73342DE4-7125-4A10-B2E2-AD5F3001DDDE}.Debug|x86.Build.0 = Debug|Any CPU
		{73342DE4-7125-4A10-B2E2-AD5F3001DDDE}.Release|Any CPU.ActiveCfg = Release|Any CPU
		{73342DE4-7125-4A10-B2E2-AD5F3001DDDE}.Release|Any CPU.Build.0 = Release|Any CPU
		{73342DE4-7125-4A10-B2E2-AD5F3001DDDE}.Release|x64.ActiveCfg = Release|Any CPU
		{73342DE4-7125-4A10-B2E2-AD5F3001DDDE}.Release|x64.Build.0 = Release|Any CPU
		{73342DE4-7125-4A10-B2E2-AD5F3001DDDE}.Release|x86.ActiveCfg = Release|Any CPU
		{73342DE4-7125-4A10-B2E2-AD5F3001DDDE}.Release|x86.Build.0 = Release|Any CPU
		{67852488-A02A-4DFB-BB63-0D9FF6539A6F}.Debug|Any CPU.ActiveCfg = Debug|Any CPU
		{67852488-A02A-4DFB-BB63-0D9FF6539A6F}.Debug|Any CPU.Build.0 = Debug|Any CPU
		{67852488-A02A-4DFB-BB63-0D9FF6539A6F}.Debug|x64.ActiveCfg = Debug|Any CPU
		{67852488-A02A-4DFB-BB63-0D9FF6539A6F}.Debug|x64.Build.0 = Debug|Any CPU
		{67852488-A02A-4DFB-BB63-0D9FF6539A6F}.Debug|x86.ActiveCfg = Debug|Any CPU
		{67852488-A02A-4DFB-BB63-0D9FF6539A6F}.Debug|x86.Build.0 = Debug|Any CPU
		{67852488-A02A-4DFB-BB63-0D9FF6539A6F}.Release|Any CPU.ActiveCfg = Release|Any CPU
		{67852488-A02A-4DFB-BB63-0D9FF6539A6F}.Release|Any CPU.Build.0 = Release|Any CPU
		{67852488-A02A-4DFB-BB63-0D9FF6539A6F}.Release|x64.ActiveCfg = Release|Any CPU
		{67852488-A02A-4DFB-BB63-0D9FF6539A6F}.Release|x64.Build.0 = Release|Any CPU
		{67852488-A02A-4DFB-BB63-0D9FF6539A6F}.Release|x86.ActiveCfg = Release|Any CPU
		{67852488-A02A-4DFB-BB63-0D9FF6539A6F}.Release|x86.Build.0 = Release|Any CPU
		{99A3BFDA-C021-473D-BB0F-CA7FCE4622A9}.Debug|Any CPU.ActiveCfg = Debug|Any CPU
		{99A3BFDA-C021-473D-BB0F-CA7FCE4622A9}.Debug|Any CPU.Build.0 = Debug|Any CPU
		{99A3BFDA-C021-473D-BB0F-CA7FCE4622A9}.Debug|x64.ActiveCfg = Debug|Any CPU
		{99A3BFDA-C021-473D-BB0F-CA7FCE4622A9}.Debug|x64.Build.0 = Debug|Any CPU
		{99A3BFDA-C021-473D-BB0F-CA7FCE4622A9}.Debug|x86.ActiveCfg = Debug|Any CPU
		{99A3BFDA-C021-473D-BB0F-CA7FCE4622A9}.Debug|x86.Build.0 = Debug|Any CPU
		{99A3BFDA-C021-473D-BB0F-CA7FCE4622A9}.Release|Any CPU.ActiveCfg = Release|Any CPU
		{99A3BFDA-C021-473D-BB0F-CA7FCE4622A9}.Release|Any CPU.Build.0 = Release|Any CPU
		{99A3BFDA-C021-473D-BB0F-CA7FCE4622A9}.Release|x64.ActiveCfg = Release|Any CPU
		{99A3BFDA-C021-473D-BB0F-CA7FCE4622A9}.Release|x64.Build.0 = Release|Any CPU
		{99A3BFDA-C021-473D-BB0F-CA7FCE4622A9}.Release|x86.ActiveCfg = Release|Any CPU
		{99A3BFDA-C021-473D-BB0F-CA7FCE4622A9}.Release|x86.Build.0 = Release|Any CPU
		{D9E08336-8036-4932-8F9C-BA19FC7DD767}.Debug|Any CPU.ActiveCfg = Debug|Any CPU
		{D9E08336-8036-4932-8F9C-BA19FC7DD767}.Debug|Any CPU.Build.0 = Debug|Any CPU
		{D9E08336-8036-4932-8F9C-BA19FC7DD767}.Debug|x64.ActiveCfg = Debug|Any CPU
		{D9E08336-8036-4932-8F9C-BA19FC7DD767}.Debug|x64.Build.0 = Debug|Any CPU
		{D9E08336-8036-4932-8F9C-BA19FC7DD767}.Debug|x86.ActiveCfg = Debug|Any CPU
		{D9E08336-8036-4932-8F9C-BA19FC7DD767}.Debug|x86.Build.0 = Debug|Any CPU
		{D9E08336-8036-4932-8F9C-BA19FC7DD767}.Release|Any CPU.ActiveCfg = Release|Any CPU
		{D9E08336-8036-4932-8F9C-BA19FC7DD767}.Release|Any CPU.Build.0 = Release|Any CPU
		{D9E08336-8036-4932-8F9C-BA19FC7DD767}.Release|x64.ActiveCfg = Release|Any CPU
		{D9E08336-8036-4932-8F9C-BA19FC7DD767}.Release|x64.Build.0 = Release|Any CPU
		{D9E08336-8036-4932-8F9C-BA19FC7DD767}.Release|x86.ActiveCfg = Release|Any CPU
		{D9E08336-8036-4932-8F9C-BA19FC7DD767}.Release|x86.Build.0 = Release|Any CPU
		{87FA6702-040E-4798-9DB5-41916AB9D150}.Debug|Any CPU.ActiveCfg = Debug|Any CPU
		{87FA6702-040E-4798-9DB5-41916AB9D150}.Debug|Any CPU.Build.0 = Debug|Any CPU
		{87FA6702-040E-4798-9DB5-41916AB9D150}.Debug|x64.ActiveCfg = Debug|Any CPU
		{87FA6702-040E-4798-9DB5-41916AB9D150}.Debug|x64.Build.0 = Debug|Any CPU
		{87FA6702-040E-4798-9DB5-41916AB9D150}.Debug|x86.ActiveCfg = Debug|Any CPU
		{87FA6702-040E-4798-9DB5-41916AB9D150}.Debug|x86.Build.0 = Debug|Any CPU
		{87FA6702-040E-4798-9DB5-41916AB9D150}.Release|Any CPU.ActiveCfg = Release|Any CPU
		{87FA6702-040E-4798-9DB5-41916AB9D150}.Release|Any CPU.Build.0 = Release|Any CPU
		{87FA6702-040E-4798-9DB5-41916AB9D150}.Release|x64.ActiveCfg = Release|Any CPU
		{87FA6702-040E-4798-9DB5-41916AB9D150}.Release|x64.Build.0 = Release|Any CPU
		{87FA6702-040E-4798-9DB5-41916AB9D150}.Release|x86.ActiveCfg = Release|Any CPU
		{87FA6702-040E-4798-9DB5-41916AB9D150}.Release|x86.Build.0 = Release|Any CPU
		{3CF663A1-20B0-4143-BCFF-F8DA72835852}.Debug|Any CPU.ActiveCfg = Debug|Any CPU
		{3CF663A1-20B0-4143-BCFF-F8DA72835852}.Debug|Any CPU.Build.0 = Debug|Any CPU
		{3CF663A1-20B0-4143-BCFF-F8DA72835852}.Debug|x64.ActiveCfg = Debug|Any CPU
		{3CF663A1-20B0-4143-BCFF-F8DA72835852}.Debug|x64.Build.0 = Debug|Any CPU
		{3CF663A1-20B0-4143-BCFF-F8DA72835852}.Debug|x86.ActiveCfg = Debug|Any CPU
		{3CF663A1-20B0-4143-BCFF-F8DA72835852}.Debug|x86.Build.0 = Debug|Any CPU
		{3CF663A1-20B0-4143-BCFF-F8DA72835852}.Release|Any CPU.ActiveCfg = Release|Any CPU
		{3CF663A1-20B0-4143-BCFF-F8DA72835852}.Release|Any CPU.Build.0 = Release|Any CPU
		{3CF663A1-20B0-4143-BCFF-F8DA72835852}.Release|x64.ActiveCfg = Release|Any CPU
		{3CF663A1-20B0-4143-BCFF-F8DA72835852}.Release|x64.Build.0 = Release|Any CPU
		{3CF663A1-20B0-4143-BCFF-F8DA72835852}.Release|x86.ActiveCfg = Release|Any CPU
		{3CF663A1-20B0-4143-BCFF-F8DA72835852}.Release|x86.Build.0 = Release|Any CPU
		{75824BDD-648F-439B-886D-4CEE4ABC412A}.Debug|Any CPU.ActiveCfg = Debug|Any CPU
		{75824BDD-648F-439B-886D-4CEE4ABC412A}.Debug|Any CPU.Build.0 = Debug|Any CPU
		{75824BDD-648F-439B-886D-4CEE4ABC412A}.Debug|x64.ActiveCfg = Debug|Any CPU
		{75824BDD-648F-439B-886D-4CEE4ABC412A}.Debug|x64.Build.0 = Debug|Any CPU
		{75824BDD-648F-439B-886D-4CEE4ABC412A}.Debug|x86.ActiveCfg = Debug|Any CPU
		{75824BDD-648F-439B-886D-4CEE4ABC412A}.Debug|x86.Build.0 = Debug|Any CPU
		{75824BDD-648F-439B-886D-4CEE4ABC412A}.Release|Any CPU.ActiveCfg = Release|Any CPU
		{75824BDD-648F-439B-886D-4CEE4ABC412A}.Release|Any CPU.Build.0 = Release|Any CPU
		{75824BDD-648F-439B-886D-4CEE4ABC412A}.Release|x64.ActiveCfg = Release|Any CPU
		{75824BDD-648F-439B-886D-4CEE4ABC412A}.Release|x64.Build.0 = Release|Any CPU
		{75824BDD-648F-439B-886D-4CEE4ABC412A}.Release|x86.ActiveCfg = Release|Any CPU
		{75824BDD-648F-439B-886D-4CEE4ABC412A}.Release|x86.Build.0 = Release|Any CPU
		{80B4D7F4-4B3C-4E6C-BF38-45AA08843C3D}.Debug|Any CPU.ActiveCfg = Debug|Any CPU
		{80B4D7F4-4B3C-4E6C-BF38-45AA08843C3D}.Debug|Any CPU.Build.0 = Debug|Any CPU
		{80B4D7F4-4B3C-4E6C-BF38-45AA08843C3D}.Debug|x64.ActiveCfg = Debug|Any CPU
		{80B4D7F4-4B3C-4E6C-BF38-45AA08843C3D}.Debug|x64.Build.0 = Debug|Any CPU
		{80B4D7F4-4B3C-4E6C-BF38-45AA08843C3D}.Debug|x86.ActiveCfg = Debug|Any CPU
		{80B4D7F4-4B3C-4E6C-BF38-45AA08843C3D}.Debug|x86.Build.0 = Debug|Any CPU
		{80B4D7F4-4B3C-4E6C-BF38-45AA08843C3D}.Release|Any CPU.ActiveCfg = Release|Any CPU
		{80B4D7F4-4B3C-4E6C-BF38-45AA08843C3D}.Release|Any CPU.Build.0 = Release|Any CPU
		{80B4D7F4-4B3C-4E6C-BF38-45AA08843C3D}.Release|x64.ActiveCfg = Release|Any CPU
		{80B4D7F4-4B3C-4E6C-BF38-45AA08843C3D}.Release|x64.Build.0 = Release|Any CPU
		{80B4D7F4-4B3C-4E6C-BF38-45AA08843C3D}.Release|x86.ActiveCfg = Release|Any CPU
		{80B4D7F4-4B3C-4E6C-BF38-45AA08843C3D}.Release|x86.Build.0 = Release|Any CPU
		{A76BE16E-F4B0-4DE7-9053-4B97C2062DC8}.Debug|Any CPU.ActiveCfg = Debug|Any CPU
		{A76BE16E-F4B0-4DE7-9053-4B97C2062DC8}.Debug|Any CPU.Build.0 = Debug|Any CPU
		{A76BE16E-F4B0-4DE7-9053-4B97C2062DC8}.Debug|x64.ActiveCfg = Debug|Any CPU
		{A76BE16E-F4B0-4DE7-9053-4B97C2062DC8}.Debug|x64.Build.0 = Debug|Any CPU
		{A76BE16E-F4B0-4DE7-9053-4B97C2062DC8}.Debug|x86.ActiveCfg = Debug|Any CPU
		{A76BE16E-F4B0-4DE7-9053-4B97C2062DC8}.Debug|x86.Build.0 = Debug|Any CPU
		{A76BE16E-F4B0-4DE7-9053-4B97C2062DC8}.Release|Any CPU.ActiveCfg = Release|Any CPU
		{A76BE16E-F4B0-4DE7-9053-4B97C2062DC8}.Release|Any CPU.Build.0 = Release|Any CPU
		{A76BE16E-F4B0-4DE7-9053-4B97C2062DC8}.Release|x64.ActiveCfg = Release|Any CPU
		{A76BE16E-F4B0-4DE7-9053-4B97C2062DC8}.Release|x64.Build.0 = Release|Any CPU
		{A76BE16E-F4B0-4DE7-9053-4B97C2062DC8}.Release|x86.ActiveCfg = Release|Any CPU
		{A76BE16E-F4B0-4DE7-9053-4B97C2062DC8}.Release|x86.Build.0 = Release|Any CPU
		{4573ED1B-4165-41BE-BF25-D6EF7A7BCCFA}.Debug|Any CPU.ActiveCfg = Debug|Any CPU
		{4573ED1B-4165-41BE-BF25-D6EF7A7BCCFA}.Debug|Any CPU.Build.0 = Debug|Any CPU
		{4573ED1B-4165-41BE-BF25-D6EF7A7BCCFA}.Debug|x64.ActiveCfg = Debug|Any CPU
		{4573ED1B-4165-41BE-BF25-D6EF7A7BCCFA}.Debug|x64.Build.0 = Debug|Any CPU
		{4573ED1B-4165-41BE-BF25-D6EF7A7BCCFA}.Debug|x86.ActiveCfg = Debug|Any CPU
		{4573ED1B-4165-41BE-BF25-D6EF7A7BCCFA}.Debug|x86.Build.0 = Debug|Any CPU
		{4573ED1B-4165-41BE-BF25-D6EF7A7BCCFA}.Release|Any CPU.ActiveCfg = Release|Any CPU
		{4573ED1B-4165-41BE-BF25-D6EF7A7BCCFA}.Release|Any CPU.Build.0 = Release|Any CPU
		{4573ED1B-4165-41BE-BF25-D6EF7A7BCCFA}.Release|x64.ActiveCfg = Release|Any CPU
		{4573ED1B-4165-41BE-BF25-D6EF7A7BCCFA}.Release|x64.Build.0 = Release|Any CPU
		{4573ED1B-4165-41BE-BF25-D6EF7A7BCCFA}.Release|x86.ActiveCfg = Release|Any CPU
		{4573ED1B-4165-41BE-BF25-D6EF7A7BCCFA}.Release|x86.Build.0 = Release|Any CPU
		{7EC22E75-A346-4ECB-BEB3-9EFB9D1CF6FB}.Debug|Any CPU.ActiveCfg = Debug|Any CPU
		{7EC22E75-A346-4ECB-BEB3-9EFB9D1CF6FB}.Debug|Any CPU.Build.0 = Debug|Any CPU
		{7EC22E75-A346-4ECB-BEB3-9EFB9D1CF6FB}.Debug|x64.ActiveCfg = Debug|Any CPU
		{7EC22E75-A346-4ECB-BEB3-9EFB9D1CF6FB}.Debug|x64.Build.0 = Debug|Any CPU
		{7EC22E75-A346-4ECB-BEB3-9EFB9D1CF6FB}.Debug|x86.ActiveCfg = Debug|Any CPU
		{7EC22E75-A346-4ECB-BEB3-9EFB9D1CF6FB}.Debug|x86.Build.0 = Debug|Any CPU
		{7EC22E75-A346-4ECB-BEB3-9EFB9D1CF6FB}.Release|Any CPU.ActiveCfg = Release|Any CPU
		{7EC22E75-A346-4ECB-BEB3-9EFB9D1CF6FB}.Release|Any CPU.Build.0 = Release|Any CPU
		{7EC22E75-A346-4ECB-BEB3-9EFB9D1CF6FB}.Release|x64.ActiveCfg = Release|Any CPU
		{7EC22E75-A346-4ECB-BEB3-9EFB9D1CF6FB}.Release|x64.Build.0 = Release|Any CPU
		{7EC22E75-A346-4ECB-BEB3-9EFB9D1CF6FB}.Release|x86.ActiveCfg = Release|Any CPU
		{7EC22E75-A346-4ECB-BEB3-9EFB9D1CF6FB}.Release|x86.Build.0 = Release|Any CPU
	EndGlobalSection
	GlobalSection(SolutionProperties) = preSolution
		HideSolutionNode = FALSE
	EndGlobalSection
	GlobalSection(NestedProjects) = preSolution
		{C29F6C07-F0AC-430C-8B5B-601F16E8F931} = {827E0CD3-B72D-47B6-A68D-7590B98EB39B}
		{C19CCB97-25F7-4D65-8A09-9E42AA00042A} = {827E0CD3-B72D-47B6-A68D-7590B98EB39B}
		{6FF0321E-9786-42A6-941B-819D94BC0D60} = {827E0CD3-B72D-47B6-A68D-7590B98EB39B}
		{EB0C3B39-9E8A-4A4B-A0BC-1D4DD6084141} = {B36A84DF-456D-A817-6EDD-3EC3E7F6E11F}
		{78A3FAAE-12A8-43C1-8189-FAD9BE9DF38E} = {B36A84DF-456D-A817-6EDD-3EC3E7F6E11F}
		{3FBC8365-298C-41A7-A22A-BC4DC829F0BB} = {B36A84DF-456D-A817-6EDD-3EC3E7F6E11F}
		{047FA15F-930C-41ED-9EE4-352DBD1E4310} = {B36A84DF-456D-A817-6EDD-3EC3E7F6E11F}
		{75F84F9D-769A-4F00-912C-8DD2C3955552} = {B36A84DF-456D-A817-6EDD-3EC3E7F6E11F}
		{1B664028-01DB-4EAE-BA9A-7A2139EC8163} = {B36A84DF-456D-A817-6EDD-3EC3E7F6E11F}
		{BA98880C-115D-4453-9C72-D48B5EBE6636} = {B36A84DF-456D-A817-6EDD-3EC3E7F6E11F}
		{DDA606F8-57FD-4FE8-B70D-EC800CAA3C44} = {B36A84DF-456D-A817-6EDD-3EC3E7F6E11F}
		{81A946E4-15B6-4407-ABB1-D994D310DE2B} = {B36A84DF-456D-A817-6EDD-3EC3E7F6E11F}
		{4A4999AC-6A56-4CFB-8B2C-391CA457A6F8} = {B36A84DF-456D-A817-6EDD-3EC3E7F6E11F}
		{945773A0-5E95-4BDC-8E4F-6A060EFF1DE3} = {B36A84DF-456D-A817-6EDD-3EC3E7F6E11F}
		{39C3BF91-6987-451D-819B-30C50EF98DC5} = {B36A84DF-456D-A817-6EDD-3EC3E7F6E11F}
		{04EA798F-85EF-49E2-A453-392C2FA96762} = {B36A84DF-456D-A817-6EDD-3EC3E7F6E11F}
		{B247DE68-D54E-4CAA-AF11-5B2276AA6954} = {07C2787E-EAC7-C090-1BA3-A61EC2A24D84}
		{C3DD9439-2CCF-460A-AE94-B310D0018955} = {07C2787E-EAC7-C090-1BA3-A61EC2A24D84}
		{36189BCD-0639-43CC-9C75-18E1DE5C7601} = {C3DD9439-2CCF-460A-AE94-B310D0018955}
		{417DA0A7-A15E-4740-AA2E-6D1E9EA97E86} = {827E0CD3-B72D-47B6-A68D-7590B98EB39B}
		{73342DE4-7125-4A10-B2E2-AD5F3001DDDE} = {827E0CD3-B72D-47B6-A68D-7590B98EB39B}
		{67852488-A02A-4DFB-BB63-0D9FF6539A6F} = {827E0CD3-B72D-47B6-A68D-7590B98EB39B}
		{99A3BFDA-C021-473D-BB0F-CA7FCE4622A9} = {827E0CD3-B72D-47B6-A68D-7590B98EB39B}
		{D9E08336-8036-4932-8F9C-BA19FC7DD767} = {827E0CD3-B72D-47B6-A68D-7590B98EB39B}
		{87FA6702-040E-4798-9DB5-41916AB9D150} = {DF56B7B8-2D7A-4504-BB97-3651B0AF42A1}
		{3CF663A1-20B0-4143-BCFF-F8DA72835852} = {DF56B7B8-2D7A-4504-BB97-3651B0AF42A1}
		{75824BDD-648F-439B-886D-4CEE4ABC412A} = {DF56B7B8-2D7A-4504-BB97-3651B0AF42A1}
		{80B4D7F4-4B3C-4E6C-BF38-45AA08843C3D} = {DF56B7B8-2D7A-4504-BB97-3651B0AF42A1}
		{A76BE16E-F4B0-4DE7-9053-4B97C2062DC8} = {DF56B7B8-2D7A-4504-BB97-3651B0AF42A1}
		{4573ED1B-4165-41BE-BF25-D6EF7A7BCCFA} = {B36A84DF-456D-A817-6EDD-3EC3E7F6E11F}
		{7EC22E75-A346-4ECB-BEB3-9EFB9D1CF6FB} = {B36A84DF-456D-A817-6EDD-3EC3E7F6E11F}
	EndGlobalSection
EndGlobal
